PODS:
  - Alamofire (5.4.3)
  - AlamofireNetworkActivityLogger (3.4.0):
    - Alamofire (~> 5.4.0)
  - FMDB (2.7.5):
    - FMDB/standard (= 2.7.5)
  - FMDB/standard (2.7.5)
  - Kingfisher (6.3.0)

DEPENDENCIES:
  - Alamofire
  - AlamofireNetworkActivityLogger
  - FMDB
  - Kingfisher

SPEC REPOS:
  trunk:
    - Alamofire
    - AlamofireNetworkActivityLogger
    - FMDB
    - Kingfisher

SPEC CHECKSUMS:
  Alamofire: e447a2774a40c996748296fa2c55112fdbbc42f9
  AlamofireNetworkActivityLogger: 162ab8aee00e6267a4304d7cc134e13ccfe3bcc5
  FMDB: 2ce00b547f966261cd18927a3ddb07cb6f3db82a
  Kingfisher: 6c3df386db71d82c0817a429d2c9421a77396529

PODFILE CHECKSUM: 705d5575cbc156dd26e6d34fad53a9187417ee23

COCOAPODS: 1.10.1
